<Solution>
  <Folder Name="/Solution Items/">
    <File Path="README.md" />
    <File Path="CLAUDE.md" />
    <File Path="Directory.Build.props" />
    <File Path="global.json" />
    <File Path=".editorconfig" />
    <File Path=".gitignore" />
    <File Path="TODO.md" />
    <File Path="LICENSE" />
    <File Path="docs/MANUAL_TESTS_P0.md" />
    <File Path="docs/MANUAL_TESTS_P1.md" />
    <File Path="docs/css-todos.md" />
    <File Path="docs/html-todos.md" />
    <File Path="docs/es-2025-todos.md" />
    <File Path="docs/es-2025-dom-todos.md" />
    <File Path="docs/browser-todos.md" />
    <File Path="docs/MANUAL_TESTS_CSS.md" />
  </Folder>
  <Folder Name="/src/Document/">
    <Project Path="src/Document/SuperRender.Document/SuperRender.Document.csproj" />
  </Folder>
  <Folder Name="/src/Renderer/">
    <Project Path="src/Renderer/SuperRender.Renderer.Rendering/SuperRender.Renderer.Rendering.csproj" />
    <Project Path="src/Renderer/SuperRender.Renderer.Gpu/SuperRender.Renderer.Gpu.csproj" />
    <Project Path="src/Renderer/SuperRender.Renderer.Image/SuperRender.Renderer.Image.csproj" />
  </Folder>
  <Folder Name="/src/EcmaScript/">
    <Project Path="src/EcmaScript/SuperRender.EcmaScript.Compiler/SuperRender.EcmaScript.Compiler.csproj" />
    <Project Path="src/EcmaScript/SuperRender.EcmaScript.Runtime/SuperRender.EcmaScript.Runtime.csproj" />
    <Project Path="src/EcmaScript/SuperRender.EcmaScript.Engine/SuperRender.EcmaScript.Engine.csproj" />
    <Project Path="src/EcmaScript/SuperRender.EcmaScript.Repl/SuperRender.EcmaScript.Repl.csproj" />
    <Project Path="src/EcmaScript/SuperRender.EcmaScript.Dom/SuperRender.EcmaScript.Dom.csproj" />
  </Folder>
  <Folder Name="/src/" />
  <Folder Name="/src/Browser/">
    <Project Path="src/Browser/SuperRender.Browser/SuperRender.Browser.csproj" />
  </Folder>
  <Folder Name="/src/Demo/">
    <Project Path="src/Demo/SuperRender.Demo/SuperRender.Demo.csproj" />
  </Folder>
  <Folder Name="/tests/">
    <Project Path="tests/SuperRender.Document.Tests/SuperRender.Document.Tests.csproj" />
    <Project Path="tests/SuperRender.Renderer.Tests/SuperRender.Renderer.Tests.csproj" />
    <Project Path="tests/SuperRender.EcmaScript.Tests/SuperRender.EcmaScript.Tests.csproj" />
    <Project Path="tests/SuperRender.Browser.Tests/SuperRender.Browser.Tests.csproj" />
    <Project Path="tests/SuperRender.Renderer.Image.Tests/SuperRender.Renderer.Image.Tests.csproj" />
  </Folder>
</Solution>
