<Solution>
  <Folder Name="/Solution Items/">
    <File Path="README.md" />
    <File Path="CLAUDE.md" />
    <File Path="Directory.Build.props" />
    <File Path="global.json" />
    <File Path=".editorconfig" />
    <File Path=".gitignore" />
  </Folder>
  <Folder Name="/src/">
    <Project Path="src/SuperRender.Core/SuperRender.Core.csproj" />
    <Project Path="src/SuperRender.Demo/SuperRender.Demo.csproj" />
    <Project Path="src/SuperRender.EcmaScript/SuperRender.EcmaScript.csproj" />
    <Project Path="src/SuperRender.EcmaScript.Console/SuperRender.EcmaScript.Console.csproj" />
  </Folder>
  <Folder Name="/tests/">
    <Project Path="tests/SuperRender.Tests/SuperRender.Tests.csproj" />
    <Project Path="tests/SuperRender.EcmaScript.Tests/SuperRender.EcmaScript.Tests.csproj" />
  </Folder>
</Solution>
